
Microsoft Visual Studio Solution File, Format Version 12.00
# Visual Studio Version 16
VisualStudioVersion = 16.0.31729.503
MinimumVisualStudioVersion = 10.0.40219.1
Project("{FAE04EC0-301F-11D3-BF4B-00C04F79EFBC}") = "Example.DI.NamedConvention", "Example.DI.NamedConvention\Example.DI.NamedConvention.csproj", "{F343B2B0-2809-48BE-A570-A864D391139A}"
EndProject
Global
	GlobalSection(SolutionConfigurationPlatforms) = preSolution
		Debug|Any CPU = Debug|Any CPU
		Release|Any CPU = Release|Any CPU
	EndGlobalSection
	GlobalSection(ProjectConfigurationPlatforms) = postSolution
		{F343B2B0-2809-48BE-A570-A864D391139A}.Debug|Any CPU.ActiveCfg = Debug|Any CPU
		{F343B2B0-2809-48BE-A570-A864D391139A}.Debug|Any CPU.Build.0 = Debug|Any CPU
		{F343B2B0-2809-48BE-A570-A864D391139A}.Release|Any CPU.ActiveCfg = Release|Any CPU
		{F343B2B0-2809-48BE-A570-A864D391139A}.Release|Any CPU.Build.0 = Release|Any CPU
	EndGlobalSection
	GlobalSection(SolutionProperties) = preSolution
		HideSolutionNode = FALSE
	EndGlobalSection
	GlobalSection(ExtensibilityGlobals) = postSolution
		SolutionGuid = {58935CD3-7BC8-4C15-9479-9FC8E1338CB7}
	EndGlobalSection
EndGlobal
